
Microsoft Visual Studio Solution File, Format Version 12.00
# Visual Studio Version 17
VisualStudioVersion = 17.8.34525.116
MinimumVisualStudioVersion = 10.0.40219.1
Project("{2150E333-8FDC-42A3-9474-1A3956D46DE8}") = "src", "src", "{B872BA5E-5611-45BC-83E3-09D833C2DF50}"
EndProject
Project("{2150E333-8FDC-42A3-9474-1A3956D46DE8}") = "web", "web", "{E62D90E3-0277-4A11-A0E3-941543C4EEF6}"
EndProject
Project("{2150E333-8FDC-42A3-9474-1A3956D46DE8}") = "Solution Items", "Solution Items", "{0DBAF2D5-45CB-4B84-90F5-B9EF3E636E0C}"
	ProjectSection(SolutionItems) = preProject
		.dockerignore = .dockerignore
		.gitpod.yml = .gitpod.yml
		LICENSE.txt = LICENSE.txt
		readme.md = readme.md
	EndProjectSection
EndProject
Project("{9A19103F-16F7-4668-BE54-9A1E7A4F7556}") = "ThirdWay.Web", "src\ThirdWay.Web\ThirdWay.Web.csproj", "{E1A4A7EF-0E22-4C63-B5CD-CB52574140DC}"
EndProject
Project("{2150E333-8FDC-42A3-9474-1A3956D46DE8}") = "data", "data", "{1A6DEFA2-CF9F-49B6-AC4A-19AF1E95F2EE}"
EndProject
Project("{9A19103F-16F7-4668-BE54-9A1E7A4F7556}") = "ThirdWay.Data", "src\ThirdWay.Data\ThirdWay.Data.csproj", "{806AF103-38E6-4A7B-A2F5-CA3503942616}"
EndProject
Project("{2150E333-8FDC-42A3-9474-1A3956D46DE8}") = "feed", "feed", "{64677A6D-9032-491E-BCA0-26E4C92A05C9}"
EndProject
Project("{9A19103F-16F7-4668-BE54-9A1E7A4F7556}") = "ThirdWay.Feed", "src\ThirdWay.Feed\ThirdWay.Feed.csproj", "{332A380B-36E4-44B5-9DD3-E71558D84346}"
EndProject
Global
	GlobalSection(SolutionConfigurationPlatforms) = preSolution
		Debug|Any CPU = Debug|Any CPU
		Release|Any CPU = Release|Any CPU
	EndGlobalSection
	GlobalSection(ProjectConfigurationPlatforms) = postSolution
		{E1A4A7EF-0E22-4C63-B5CD-CB52574140DC}.Debug|Any CPU.ActiveCfg = Debug|Any CPU
		{E1A4A7EF-0E22-4C63-B5CD-CB52574140DC}.Debug|Any CPU.Build.0 = Debug|Any CPU
		{E1A4A7EF-0E22-4C63-B5CD-CB52574140DC}.Release|Any CPU.ActiveCfg = Release|Any CPU
		{E1A4A7EF-0E22-4C63-B5CD-CB52574140DC}.Release|Any CPU.Build.0 = Release|Any CPU
		{806AF103-38E6-4A7B-A2F5-CA3503942616}.Debug|Any CPU.ActiveCfg = Debug|Any CPU
		{806AF103-38E6-4A7B-A2F5-CA3503942616}.Debug|Any CPU.Build.0 = Debug|Any CPU
		{806AF103-38E6-4A7B-A2F5-CA3503942616}.Release|Any CPU.ActiveCfg = Release|Any CPU
		{806AF103-38E6-4A7B-A2F5-CA3503942616}.Release|Any CPU.Build.0 = Release|Any CPU
		{332A380B-36E4-44B5-9DD3-E71558D84346}.Debug|Any CPU.ActiveCfg = Debug|Any CPU
		{332A380B-36E4-44B5-9DD3-E71558D84346}.Debug|Any CPU.Build.0 = Debug|Any CPU
		{332A380B-36E4-44B5-9DD3-E71558D84346}.Release|Any CPU.ActiveCfg = Release|Any CPU
		{332A380B-36E4-44B5-9DD3-E71558D84346}.Release|Any CPU.Build.0 = Release|Any CPU
	EndGlobalSection
	GlobalSection(SolutionProperties) = preSolution
		HideSolutionNode = FALSE
	EndGlobalSection
	GlobalSection(NestedProjects) = preSolution
		{E62D90E3-0277-4A11-A0E3-941543C4EEF6} = {B872BA5E-5611-45BC-83E3-09D833C2DF50}
		{E1A4A7EF-0E22-4C63-B5CD-CB52574140DC} = {E62D90E3-0277-4A11-A0E3-941543C4EEF6}
		{1A6DEFA2-CF9F-49B6-AC4A-19AF1E95F2EE} = {B872BA5E-5611-45BC-83E3-09D833C2DF50}
		{806AF103-38E6-4A7B-A2F5-CA3503942616} = {1A6DEFA2-CF9F-49B6-AC4A-19AF1E95F2EE}
		{64677A6D-9032-491E-BCA0-26E4C92A05C9} = {B872BA5E-5611-45BC-83E3-09D833C2DF50}
		{332A380B-36E4-44B5-9DD3-E71558D84346} = {64677A6D-9032-491E-BCA0-26E4C92A05C9}
	EndGlobalSection
	GlobalSection(ExtensibilityGlobals) = postSolution
		SolutionGuid = {81BD452E-BBC6-4239-AD3A-ED5CD41B6775}
	EndGlobalSection
EndGlobal
